// !$*UTF8*$!
{
	archiveVersion = 1;
	classes = {
	};
	objectVersion = 46;
	objects = {

/* Begin PBXBuildFile section */
		94AE4FDF1A5CCE0B00E3DED3 /* main.m in Sources */ = {isa = PBXBuildFile; fileRef = 94AE4FDE1A5CCE0B00E3DED3 /* main.m */; };
		94AE4FE21A5CCE0B00E3DED3 /* AppDelegate.m in Sources */ = {isa = PBXBuildFile; fileRef = 94AE4FE11A5CCE0B00E3DED3 /* AppDelegate.m */; };
		94AE4FE51A5CCE0B00E3DED3 /* DecksViewController.m in Sources */ = {isa = PBXBuildFile; fileRef = 94AE4FE41A5CCE0B00E3DED3 /* DecksViewController.m */; };
		94AE4FE81A5CCE0B00E3DED3 /* PlayersViewController.m in Sources */ = {isa = PBXBuildFile; fileRef = 94AE4FE71A5CCE0B00E3DED3 /* PlayersViewController.m */; };
		94AE4FEB1A5CCE0B00E3DED3 /* Main.storyboard in Resources */ = {isa = PBXBuildFile; fileRef = 94AE4FE91A5CCE0B00E3DED3 /* Main.storyboard */; };
		94AE4FED1A5CCE0B00E3DED3 /* Images.xcassets in Resources */ = {isa = PBXBuildFile; fileRef = 94AE4FEC1A5CCE0B00E3DED3 /* Images.xcassets */; };
		94AE4FF01A5CCE0B00E3DED3 /* LaunchScreen.xib in Resources */ = {isa = PBXBuildFile; fileRef = 94AE4FEE1A5CCE0B00E3DED3 /* LaunchScreen.xib */; };
		94AE4FFC1A5CCE0B00E3DED3 /* CommanderTests.m in Sources */ = {isa = PBXBuildFile; fileRef = 94AE4FFB1A5CCE0B00E3DED3 /* CommanderTests.m */; };
		94AE50071A5CDA2500E3DED3 /* Deck.m in Sources */ = {isa = PBXBuildFile; fileRef = 94AE50061A5CDA2500E3DED3 /* Deck.m */; };
		94AE500B1A5CF19100E3DED3 /* AddDeckViewController.m in Sources */ = {isa = PBXBuildFile; fileRef = 94AE500A1A5CF19100E3DED3 /* AddDeckViewController.m */; };
		94AE500E1A5CF69100E3DED3 /* DeckManager.m in Sources */ = {isa = PBXBuildFile; fileRef = 94AE500D1A5CF69100E3DED3 /* DeckManager.m */; };
		94AE50111A5DD46D00E3DED3 /* DeckDetailViewController.m in Sources */ = {isa = PBXBuildFile; fileRef = 94AE50101A5DD46D00E3DED3 /* DeckDetailViewController.m */; };
		94AE50191A5DD56400E3DED3 /* Player.m in Sources */ = {isa = PBXBuildFile; fileRef = 94AE50181A5DD56400E3DED3 /* Player.m */; };
		94AE501C1A5F4F0200E3DED3 /* PlayerDetailViewController.m in Sources */ = {isa = PBXBuildFile; fileRef = 94AE501B1A5F4F0200E3DED3 /* PlayerDetailViewController.m */; };
/* End PBXBuildFile section */

/* Begin PBXContainerItemProxy section */
		94AE4FF61A5CCE0B00E3DED3 /* PBXContainerItemProxy */ = {
			isa = PBXContainerItemProxy;
			containerPortal = 94AE4FD11A5CCE0B00E3DED3 /* Project object */;
			proxyType = 1;
			remoteGlobalIDString = 94AE4FD81A5CCE0B00E3DED3;
			remoteInfo = Commander;
		};
/* End PBXContainerItemProxy section */

/* Begin PBXFileReference section */
		94AE4FD91A5CCE0B00E3DED3 /* Commander.app */ = {isa = PBXFileReference; explicitFileType = wrapper.application; includeInIndex = 0; path = Commander.app; sourceTree = BUILT_PRODUCTS_DIR; };
		94AE4FDD1A5CCE0B00E3DED3 /* Info.plist */ = {isa = PBXFileReference; lastKnownFileType = text.plist.xml; path = Info.plist; sourceTree = "<group>"; };
		94AE4FDE1A5CCE0B00E3DED3 /* main.m */ = {isa = PBXFileReference; lastKnownFileType = sourcecode.c.objc; path = main.m; sourceTree = "<group>"; };
		94AE4FE01A5CCE0B00E3DED3 /* AppDelegate.h */ = {isa = PBXFileReference; lastKnownFileType = sourcecode.c.h; path = AppDelegate.h; sourceTree = "<group>"; };
		94AE4FE11A5CCE0B00E3DED3 /* AppDelegate.m */ = {isa = PBXFileReference; lastKnownFileType = sourcecode.c.objc; path = AppDelegate.m; sourceTree = "<group>"; };
		94AE4FE31A5CCE0B00E3DED3 /* DecksViewController.h */ = {isa = PBXFileReference; lastKnownFileType = sourcecode.c.h; path = DecksViewController.h; sourceTree = "<group>"; };
		94AE4FE41A5CCE0B00E3DED3 /* DecksViewController.m */ = {isa = PBXFileReference; lastKnownFileType = sourcecode.c.objc; path = DecksViewController.m; sourceTree = "<group>"; };
		94AE4FE61A5CCE0B00E3DED3 /* PlayersViewController.h */ = {isa = PBXFileReference; lastKnownFileType = sourcecode.c.h; path = PlayersViewController.h; sourceTree = "<group>"; };
		94AE4FE71A5CCE0B00E3DED3 /* PlayersViewController.m */ = {isa = PBXFileReference; lastKnownFileType = sourcecode.c.objc; path = PlayersViewController.m; sourceTree = "<group>"; };
		94AE4FEA1A5CCE0B00E3DED3 /* Base */ = {isa = PBXFileReference; lastKnownFileType = file.storyboard; name = Base; path = Base.lproj/Main.storyboard; sourceTree = "<group>"; };
		94AE4FEC1A5CCE0B00E3DED3 /* Images.xcassets */ = {isa = PBXFileReference; lastKnownFileType = folder.assetcatalog; path = Images.xcassets; sourceTree = "<group>"; };
		94AE4FEF1A5CCE0B00E3DED3 /* Base */ = {isa = PBXFileReference; lastKnownFileType = file.xib; name = Base; path = Base.lproj/LaunchScreen.xib; sourceTree = "<group>"; };
		94AE4FF51A5CCE0B00E3DED3 /* CommanderTests.xctest */ = {isa = PBXFileReference; explicitFileType = wrapper.cfbundle; includeInIndex = 0; path = CommanderTests.xctest; sourceTree = BUILT_PRODUCTS_DIR; };
		94AE4FFA1A5CCE0B00E3DED3 /* Info.plist */ = {isa = PBXFileReference; lastKnownFileType = text.plist.xml; path = Info.plist; sourceTree = "<group>"; };
		94AE4FFB1A5CCE0B00E3DED3 /* CommanderTests.m */ = {isa = PBXFileReference; lastKnownFileType = sourcecode.c.objc; path = CommanderTests.m; sourceTree = "<group>"; };
		94AE50051A5CDA2500E3DED3 /* Deck.h */ = {isa = PBXFileReference; fileEncoding = 4; lastKnownFileType = sourcecode.c.h; path = Deck.h; sourceTree = "<group>"; };
		94AE50061A5CDA2500E3DED3 /* Deck.m */ = {isa = PBXFileReference; fileEncoding = 4; lastKnownFileType = sourcecode.c.objc; path = Deck.m; sourceTree = "<group>"; };
		94AE50091A5CF19100E3DED3 /* AddDeckViewController.h */ = {isa = PBXFileReference; fileEncoding = 4; lastKnownFileType = sourcecode.c.h; path = AddDeckViewController.h; sourceTree = "<group>"; };
		94AE500A1A5CF19100E3DED3 /* AddDeckViewController.m */ = {isa = PBXFileReference; fileEncoding = 4; lastKnownFileType = sourcecode.c.objc; path = AddDeckViewController.m; sourceTree = "<group>"; };
		94AE500C1A5CF69100E3DED3 /* DeckManager.h */ = {isa = PBXFileReference; fileEncoding = 4; lastKnownFileType = sourcecode.c.h; path = DeckManager.h; sourceTree = "<group>"; };
		94AE500D1A5CF69100E3DED3 /* DeckManager.m */ = {isa = PBXFileReference; fileEncoding = 4; lastKnownFileType = sourcecode.c.objc; path = DeckManager.m; sourceTree = "<group>"; };
		94AE500F1A5DD46D00E3DED3 /* DeckDetailViewController.h */ = {isa = PBXFileReference; fileEncoding = 4; lastKnownFileType = sourcecode.c.h; path = DeckDetailViewController.h; sourceTree = "<group>"; };
		94AE50101A5DD46D00E3DED3 /* DeckDetailViewController.m */ = {isa = PBXFileReference; fileEncoding = 4; lastKnownFileType = sourcecode.c.objc; path = DeckDetailViewController.m; sourceTree = "<group>"; };
		94AE50171A5DD56400E3DED3 /* Player.h */ = {isa = PBXFileReference; fileEncoding = 4; lastKnownFileType = sourcecode.c.h; name = Player.h; path = ../Player.h; sourceTree = "<group>"; };
		94AE50181A5DD56400E3DED3 /* Player.m */ = {isa = PBXFileReference; fileEncoding = 4; lastKnownFileType = sourcecode.c.objc; name = Player.m; path = ../Player.m; sourceTree = "<group>"; };
		94AE501A1A5F4F0200E3DED3 /* PlayerDetailViewController.h */ = {isa = PBXFileReference; fileEncoding = 4; lastKnownFileType = sourcecode.c.h; path = PlayerDetailViewController.h; sourceTree = "<group>"; };
		94AE501B1A5F4F0200E3DED3 /* PlayerDetailViewController.m */ = {isa = PBXFileReference; fileEncoding = 4; lastKnownFileType = sourcecode.c.objc; path = PlayerDetailViewController.m; sourceTree = "<group>"; };
/* End PBXFileReference section */

/* Begin PBXFrameworksBuildPhase section */
		94AE4FD61A5CCE0B00E3DED3 /* Frameworks */ = {
			isa = PBXFrameworksBuildPhase;
			buildActionMask = 2147483647;
			files = (
			);
			runOnlyForDeploymentPostprocessing = 0;
		};
		94AE4FF21A5CCE0B00E3DED3 /* Frameworks */ = {
			isa = PBXFrameworksBuildPhase;
			buildActionMask = 2147483647;
			files = (
			);
			runOnlyForDeploymentPostprocessing = 0;
		};
/* End PBXFrameworksBuildPhase section */

/* Begin PBXGroup section */
		94AE4FD01A5CCE0B00E3DED3 = {
			isa = PBXGroup;
			children = (
				94AE4FDB1A5CCE0B00E3DED3 /* Commander */,
				94AE4FF81A5CCE0B00E3DED3 /* CommanderTests */,
				94AE4FDA1A5CCE0B00E3DED3 /* Products */,
			);
			sourceTree = "<group>";
		};
		94AE4FDA1A5CCE0B00E3DED3 /* Products */ = {
			isa = PBXGroup;
			children = (
				94AE4FD91A5CCE0B00E3DED3 /* Commander.app */,
				94AE4FF51A5CCE0B00E3DED3 /* CommanderTests.xctest */,
			);
			name = Products;
			sourceTree = "<group>";
		};
		94AE4FDB1A5CCE0B00E3DED3 /* Commander */ = {
			isa = PBXGroup;
			children = (
				94AE50081A5CDA5600E3DED3 /* Model */,
				94AE4FE01A5CCE0B00E3DED3 /* AppDelegate.h */,
				94AE4FE11A5CCE0B00E3DED3 /* AppDelegate.m */,
				94AE50161A5DD4B500E3DED3 /* Games */,
				94AE4FE91A5CCE0B00E3DED3 /* Main.storyboard */,
				94AE50151A5DD4AF00E3DED3 /* Players */,
				94AE50141A5DD4A900E3DED3 /* Decks */,
				94AE4FEC1A5CCE0B00E3DED3 /* Images.xcassets */,
				94AE4FEE1A5CCE0B00E3DED3 /* LaunchScreen.xib */,
				94AE4FDC1A5CCE0B00E3DED3 /* Supporting Files */,
			);
			path = Commander;
			sourceTree = "<group>";
		};
		94AE4FDC1A5CCE0B00E3DED3 /* Supporting Files */ = {
			isa = PBXGroup;
			children = (
				94AE4FDD1A5CCE0B00E3DED3 /* Info.plist */,
				94AE4FDE1A5CCE0B00E3DED3 /* main.m */,
			);
			name = "Supporting Files";
			sourceTree = "<group>";
		};
		94AE4FF81A5CCE0B00E3DED3 /* CommanderTests */ = {
			isa = PBXGroup;
			children = (
				94AE4FFB1A5CCE0B00E3DED3 /* CommanderTests.m */,
				94AE4FF91A5CCE0B00E3DED3 /* Supporting Files */,
			);
			path = CommanderTests;
			sourceTree = "<group>";
		};
		94AE4FF91A5CCE0B00E3DED3 /* Supporting Files */ = {
			isa = PBXGroup;
			children = (
				94AE4FFA1A5CCE0B00E3DED3 /* Info.plist */,
			);
			name = "Supporting Files";
			sourceTree = "<group>";
		};
		94AE50081A5CDA5600E3DED3 /* Model */ = {
			isa = PBXGroup;
			children = (
			);
			name = Model;
			sourceTree = "<group>";
		};
		94AE50141A5DD4A900E3DED3 /* Decks */ = {
			isa = PBXGroup;
			children = (
				94AE50051A5CDA2500E3DED3 /* Deck.h */,
				94AE50061A5CDA2500E3DED3 /* Deck.m */,
				94AE500C1A5CF69100E3DED3 /* DeckManager.h */,
				94AE500D1A5CF69100E3DED3 /* DeckManager.m */,
				94AE50091A5CF19100E3DED3 /* AddDeckViewController.h */,
				94AE500A1A5CF19100E3DED3 /* AddDeckViewController.m */,
				94AE4FE31A5CCE0B00E3DED3 /* DecksViewController.h */,
				94AE4FE41A5CCE0B00E3DED3 /* DecksViewController.m */,
				94AE500F1A5DD46D00E3DED3 /* DeckDetailViewController.h */,
				94AE50101A5DD46D00E3DED3 /* DeckDetailViewController.m */,
			);
			name = Decks;
			sourceTree = "<group>";
		};
		94AE50151A5DD4AF00E3DED3 /* Players */ = {
			isa = PBXGroup;
			children = (
				94AE50171A5DD56400E3DED3 /* Player.h */,
				94AE50181A5DD56400E3DED3 /* Player.m */,
				94AE4FE61A5CCE0B00E3DED3 /* PlayersViewController.h */,
				94AE4FE71A5CCE0B00E3DED3 /* PlayersViewController.m */,
				94AE501A1A5F4F0200E3DED3 /* PlayerDetailViewController.h */,
				94AE501B1A5F4F0200E3DED3 /* PlayerDetailViewController.m */,
			);
			name = Players;
			sourceTree = "<group>";
		};
		94AE50161A5DD4B500E3DED3 /* Games */ = {
			isa = PBXGroup;
			children = (
			);
			name = Games;
			sourceTree = "<group>";
		};
/* End PBXGroup section */

/* Begin PBXNativeTarget section */
		94AE4FD81A5CCE0B00E3DED3 /* Commander */ = {
			isa = PBXNativeTarget;
			buildConfigurationList = 94AE4FFF1A5CCE0B00E3DED3 /* Build configuration list for PBXNativeTarget "Commander" */;
			buildPhases = (
				94AE4FD51A5CCE0B00E3DED3 /* Sources */,
				94AE4FD61A5CCE0B00E3DED3 /* Frameworks */,
				94AE4FD71A5CCE0B00E3DED3 /* Resources */,
			);
			buildRules = (
			);
			dependencies = (
			);
			name = Commander;
			productName = Commander;
			productReference = 94AE4FD91A5CCE0B00E3DED3 /* Commander.app */;
			productType = "com.apple.product-type.application";
		};
		94AE4FF41A5CCE0B00E3DED3 /* CommanderTests */ = {
			isa = PBXNativeTarget;
			buildConfigurationList = 94AE50021A5CCE0B00E3DED3 /* Build configuration list for PBXNativeTarget "CommanderTests" */;
			buildPhases = (
				94AE4FF11A5CCE0B00E3DED3 /* Sources */,
				94AE4FF21A5CCE0B00E3DED3 /* Frameworks */,
				94AE4FF31A5CCE0B00E3DED3 /* Resources */,
			);
			buildRules = (
			);
			dependencies = (
				94AE4FF71A5CCE0B00E3DED3 /* PBXTargetDependency */,
			);
			name = CommanderTests;
			productName = CommanderTests;
			productReference = 94AE4FF51A5CCE0B00E3DED3 /* CommanderTests.xctest */;
			productType = "com.apple.product-type.bundle.unit-test";
		};
/* End PBXNativeTarget section */

/* Begin PBXProject section */
		94AE4FD11A5CCE0B00E3DED3 /* Project object */ = {
			isa = PBXProject;
			attributes = {
				LastUpgradeCheck = 0610;
				ORGANIZATIONNAME = "Ryan Macey";
				TargetAttributes = {
					94AE4FD81A5CCE0B00E3DED3 = {
						CreatedOnToolsVersion = 6.1.1;
					};
					94AE4FF41A5CCE0B00E3DED3 = {
						CreatedOnToolsVersion = 6.1.1;
						TestTargetID = 94AE4FD81A5CCE0B00E3DED3;
					};
				};
			};
			buildConfigurationList = 94AE4FD41A5CCE0B00E3DED3 /* Build configuration list for PBXProject "Commander" */;
			compatibilityVersion = "Xcode 3.2";
			developmentRegion = English;
			hasScannedForEncodings = 0;
			knownRegions = (
				en,
				Base,
			);
			mainGroup = 94AE4FD01A5CCE0B00E3DED3;
			productRefGroup = 94AE4FDA1A5CCE0B00E3DED3 /* Products */;
			projectDirPath = "";
			projectRoot = "";
			targets = (
				94AE4FD81A5CCE0B00E3DED3 /* Commander */,
				94AE4FF41A5CCE0B00E3DED3 /* CommanderTests */,
			);
		};
/* End PBXProject section */

/* Begin PBXResourcesBuildPhase section */
		94AE4FD71A5CCE0B00E3DED3 /* Resources */ = {
			isa = PBXResourcesBuildPhase;
			buildActionMask = 2147483647;
			files = (
				94AE4FEB1A5CCE0B00E3DED3 /* Main.storyboard in Resources */,
				94AE4FF01A5CCE0B00E3DED3 /* LaunchScreen.xib in Resources */,
				94AE4FED1A5CCE0B00E3DED3 /* Images.xcassets in Resources */,
			);
			runOnlyForDeploymentPostprocessing = 0;
		};
		94AE4FF31A5CCE0B00E3DED3 /* Resources */ = {
			isa = PBXResourcesBuildPhase;
			buildActionMask = 2147483647;
			files = (
			);
			runOnlyForDeploymentPostprocessing = 0;
		};
/* End PBXResourcesBuildPhase section */

/* Begin PBXSourcesBuildPhase section */
		94AE4FD51A5CCE0B00E3DED3 /* Sources */ = {
			isa = PBXSourcesBuildPhase;
			buildActionMask = 2147483647;
			files = (
				94AE501C1A5F4F0200E3DED3 /* PlayerDetailViewController.m in Sources */,
				94AE4FE81A5CCE0B00E3DED3 /* PlayersViewController.m in Sources */,
				94AE500B1A5CF19100E3DED3 /* AddDeckViewController.m in Sources */,
				94AE4FE21A5CCE0B00E3DED3 /* AppDelegate.m in Sources */,
				94AE50071A5CDA2500E3DED3 /* Deck.m in Sources */,
				94AE4FE51A5CCE0B00E3DED3 /* DecksViewController.m in Sources */,
				94AE4FDF1A5CCE0B00E3DED3 /* main.m in Sources */,
				94AE50111A5DD46D00E3DED3 /* DeckDetailViewController.m in Sources */,
				94AE50191A5DD56400E3DED3 /* Player.m in Sources */,
				94AE500E1A5CF69100E3DED3 /* DeckManager.m in Sources */,
			);
			runOnlyForDeploymentPostprocessing = 0;
		};
		94AE4FF11A5CCE0B00E3DED3 /* Sources */ = {
			isa = PBXSourcesBuildPhase;
			buildActionMask = 2147483647;
			files = (
				94AE4FFC1A5CCE0B00E3DED3 /* CommanderTests.m in Sources */,
			);
			runOnlyForDeploymentPostprocessing = 0;
		};
/* End PBXSourcesBuildPhase section */

/* Begin PBXTargetDependency section */
		94AE4FF71A5CCE0B00E3DED3 /* PBXTargetDependency */ = {
			isa = PBXTargetDependency;
			target = 94AE4FD81A5CCE0B00E3DED3 /* Commander */;
			targetProxy = 94AE4FF61A5CCE0B00E3DED3 /* PBXContainerItemProxy */;
		};
/* End PBXTargetDependency section */

/* Begin PBXVariantGroup section */
		94AE4FE91A5CCE0B00E3DED3 /* Main.storyboard */ = {
			isa = PBXVariantGroup;
			children = (
				94AE4FEA1A5CCE0B00E3DED3 /* Base */,
			);
			name = Main.storyboard;
			sourceTree = "<group>";
		};
		94AE4FEE1A5CCE0B00E3DED3 /* LaunchScreen.xib */ = {
			isa = PBXVariantGroup;
			children = (
				94AE4FEF1A5CCE0B00E3DED3 /* Base */,
			);
			name = LaunchScreen.xib;
			sourceTree = "<group>";
		};
/* End PBXVariantGroup section */

/* Begin XCBuildConfiguration section */
		94AE4FFD1A5CCE0B00E3DED3 /* Debug */ = {
			isa = XCBuildConfiguration;
			buildSettings = {
				ALWAYS_SEARCH_USER_PATHS = NO;
				CLANG_CXX_LANGUAGE_STANDARD = "gnu++0x";
				CLANG_CXX_LIBRARY = "libc++";
				CLANG_ENABLE_MODULES = YES;
				CLANG_ENABLE_OBJC_ARC = YES;
				CLANG_WARN_BOOL_CONVERSION = YES;
				CLANG_WARN_CONSTANT_CONVERSION = YES;
				CLANG_WARN_DIRECT_OBJC_ISA_USAGE = YES_ERROR;
				CLANG_WARN_EMPTY_BODY = YES;
				CLANG_WARN_ENUM_CONVERSION = YES;
				CLANG_WARN_INT_CONVERSION = YES;
				CLANG_WARN_OBJC_ROOT_CLASS = YES_ERROR;
				CLANG_WARN_UNREACHABLE_CODE = YES;
				CLANG_WARN__DUPLICATE_METHOD_MATCH = YES;
				"CODE_SIGN_IDENTITY[sdk=iphoneos*]" = "iPhone Developer";
				COPY_PHASE_STRIP = NO;
				ENABLE_STRICT_OBJC_MSGSEND = YES;
				GCC_C_LANGUAGE_STANDARD = gnu99;
				GCC_DYNAMIC_NO_PIC = NO;
				GCC_OPTIMIZATION_LEVEL = 0;
				GCC_PREPROCESSOR_DEFINITIONS = (
					"DEBUG=1",
					"$(inherited)",
				);
				GCC_SYMBOLS_PRIVATE_EXTERN = NO;
				GCC_WARN_64_TO_32_BIT_CONVERSION = YES;
				GCC_WARN_ABOUT_RETURN_TYPE = YES_ERROR;
				GCC_WARN_UNDECLARED_SELECTOR = YES;
				GCC_WARN_UNINITIALIZED_AUTOS = YES_AGGRESSIVE;
				GCC_WARN_UNUSED_FUNCTION = YES;
				GCC_WARN_UNUSED_VARIABLE = YES;
				IPHONEOS_DEPLOYMENT_TARGET = 8.1;
				MTL_ENABLE_DEBUG_INFO = YES;
				ONLY_ACTIVE_ARCH = YES;
				SDKROOT = iphoneos;
			};
			name = Debug;
		};
		94AE4FFE1A5CCE0B00E3DED3 /* Release */ = {
			isa = XCBuildConfiguration;
			buildSettings = {
				ALWAYS_SEARCH_USER_PATHS = NO;
				CLANG_CXX_LANGUAGE_STANDARD = "gnu++0x";
				CLANG_CXX_LIBRARY = "libc++";
				CLANG_ENABLE_MODULES = YES;
				CLANG_ENABLE_OBJC_ARC = YES;
				CLANG_WARN_BOOL_CONVERSION = YES;
				CLANG_WARN_CONSTANT_CONVERSION = YES;
				CLANG_WARN_DIRECT_OBJC_ISA_USAGE = YES_ERROR;
				CLANG_WARN_EMPTY_BODY = YES;
				CLANG_WARN_ENUM_CONVERSION = YES;
				CLANG_WARN_INT_CONVERSION = YES;
				CLANG_WARN_OBJC_ROOT_CLASS = YES_ERROR;
				CLANG_WARN_UNREACHABLE_CODE = YES;
				CLANG_WARN__DUPLICATE_METHOD_MATCH = YES;
				"CODE_SIGN_IDENTITY[sdk=iphoneos*]" = "iPhone Developer";
				COPY_PHASE_STRIP = YES;
				ENABLE_NS_ASSERTIONS = NO;
				ENABLE_STRICT_OBJC_MSGSEND = YES;
				GCC_C_LANGUAGE_STANDARD = gnu99;
				GCC_WARN_64_TO_32_BIT_CONVERSION = YES;
				GCC_WARN_ABOUT_RETURN_TYPE = YES_ERROR;
				GCC_WARN_UNDECLARED_SELECTOR = YES;
				GCC_WARN_UNINITIALIZED_AUTOS = YES_AGGRESSIVE;
				GCC_WARN_UNUSED_FUNCTION = YES;
				GCC_WARN_UNUSED_VARIABLE = YES;
				IPHONEOS_DEPLOYMENT_TARGET = 8.1;
				MTL_ENABLE_DEBUG_INFO = NO;
				SDKROOT = iphoneos;
				VALIDATE_PRODUCT = YES;
			};
			name = Release;
		};
		94AE50001A5CCE0B00E3DED3 /* Debug */ = {
			isa = XCBuildConfiguration;
			buildSettings = {
				ASSETCATALOG_COMPILER_APPICON_NAME = AppIcon;
				INFOPLIST_FILE = Commander/Info.plist;
				LD_RUNPATH_SEARCH_PATHS = "$(inherited) @executable_path/Frameworks";
				PRODUCT_NAME = "$(TARGET_NAME)";
			};
			name = Debug;
		};
		94AE50011A5CCE0B00E3DED3 /* Release */ = {
			isa = XCBuildConfiguration;
			buildSettings = {
				ASSETCATALOG_COMPILER_APPICON_NAME = AppIcon;
				INFOPLIST_FILE = Commander/Info.plist;
				LD_RUNPATH_SEARCH_PATHS = "$(inherited) @executable_path/Frameworks";
				PRODUCT_NAME = "$(TARGET_NAME)";
			};
			name = Release;
		};
		94AE50031A5CCE0B00E3DED3 /* Debug */ = {
			isa = XCBuildConfiguration;
			buildSettings = {
				BUNDLE_LOADER = "$(TEST_HOST)";
				FRAMEWORK_SEARCH_PATHS = (
					"$(SDKROOT)/Developer/Library/Frameworks",
					"$(inherited)",
				);
				GCC_PREPROCESSOR_DEFINITIONS = (
					"DEBUG=1",
					"$(inherited)",
				);
				INFOPLIST_FILE = CommanderTests/Info.plist;
				LD_RUNPATH_SEARCH_PATHS = "$(inherited) @executable_path/Frameworks @loader_path/Frameworks";
				PRODUCT_NAME = "$(TARGET_NAME)";
				TEST_HOST = "$(BUILT_PRODUCTS_DIR)/Commander.app/Commander";
			};
			name = Debug;
		};
		94AE50041A5CCE0B00E3DED3 /* Release */ = {
			isa = XCBuildConfiguration;
			buildSettings = {
				BUNDLE_LOADER = "$(TEST_HOST)";
				FRAMEWORK_SEARCH_PATHS = (
					"$(SDKROOT)/Developer/Library/Frameworks",
					"$(inherited)",
				);
				INFOPLIST_FILE = CommanderTests/Info.plist;
				LD_RUNPATH_SEARCH_PATHS = "$(inherited) @executable_path/Frameworks @loader_path/Frameworks";
				PRODUCT_NAME = "$(TARGET_NAME)";
				TEST_HOST = "$(BUILT_PRODUCTS_DIR)/Commander.app/Commander";
			};
			name = Release;
		};
/* End XCBuildConfiguration section */

/* Begin XCConfigurationList section */
		94AE4FD41A5CCE0B00E3DED3 /* Build configuration list for PBXProject "Commander" */ = {
			isa = XCConfigurationList;
			buildConfigurations = (
				94AE4FFD1A5CCE0B00E3DED3 /* Debug */,
				94AE4FFE1A5CCE0B00E3DED3 /* Release */,
			);
			defaultConfigurationIsVisible = 0;
			defaultConfigurationName = Release;
		};
		94AE4FFF1A5CCE0B00E3DED3 /* Build configuration list for PBXNativeTarget "Commander" */ = {
			isa = XCConfigurationList;
			buildConfigurations = (
				94AE50001A5CCE0B00E3DED3 /* Debug */,
				94AE50011A5CCE0B00E3DED3 /* Release */,
			);
			defaultConfigurationIsVisible = 0;
		};
		94AE50021A5CCE0B00E3DED3 /* Build configuration list for PBXNativeTarget "CommanderTests" */ = {
			isa = XCConfigurationList;
			buildConfigurations = (
				94AE50031A5CCE0B00E3DED3 /* Debug */,
				94AE50041A5CCE0B00E3DED3 /* Release */,
			);
			defaultConfigurationIsVisible = 0;
		};
/* End XCConfigurationList section */
	};
	rootObject = 94AE4FD11A5CCE0B00E3DED3 /* Project object */;
}
